// !$*UTF8*$!
{
	archiveVersion = 1;
	classes = {
	};
	objectVersion = 46;
	objects = {

/* Begin PBXBuildFile section */
		8906387C5F83DDCD8B2DE600 /* libPods-FBMessengerShareLocation.a in Frameworks */ = {isa = PBXBuildFile; fileRef = 4544552169647B30D1CAC4C9 /* libPods-FBMessengerShareLocation.a */; };
		9810642D1B08CA690043329B /* ChooseLocationViewController.swift in Sources */ = {isa = PBXBuildFile; fileRef = 9810642C1B08CA680043329B /* ChooseLocationViewController.swift */; };
		9810642F1B08CFF20043329B /* MapKit.framework in Frameworks */ = {isa = PBXBuildFile; fileRef = 9810642E1B08CFF20043329B /* MapKit.framework */; };
		987CE56A1B077DEB00DEE471 /* LandingViewController.swift in Sources */ = {isa = PBXBuildFile; fileRef = 987CE5691B077DEB00DEE471 /* LandingViewController.swift */; };
		987CE56F1B07AD5400DEE471 /* libPods-FBMessengerShareLocation-FBSDKCoreKit.a in Frameworks */ = {isa = PBXBuildFile; fileRef = 987CE56E1B07AD5400DEE471 /* libPods-FBMessengerShareLocation-FBSDKCoreKit.a */; };
		987CE5711B07AD5A00DEE471 /* libPods-FBMessengerShareLocation-FBSDKLoginKit.a in Frameworks */ = {isa = PBXBuildFile; fileRef = 987CE5701B07AD5A00DEE471 /* libPods-FBMessengerShareLocation-FBSDKLoginKit.a */; };
		987CE5731B07C40100DEE471 /* CoreLocation.framework in Frameworks */ = {isa = PBXBuildFile; fileRef = 987CE5721B07C40100DEE471 /* CoreLocation.framework */; };
		98D8922E1B0697C4004FBF6A /* AppDelegate.swift in Sources */ = {isa = PBXBuildFile; fileRef = 98D8922D1B0697C4004FBF6A /* AppDelegate.swift */; };
		98D892331B0697C4004FBF6A /* Main.storyboard in Resources */ = {isa = PBXBuildFile; fileRef = 98D892311B0697C4004FBF6A /* Main.storyboard */; };
		98D892351B0697C4004FBF6A /* Images.xcassets in Resources */ = {isa = PBXBuildFile; fileRef = 98D892341B0697C4004FBF6A /* Images.xcassets */; };
		98D892381B0697C4004FBF6A /* LaunchScreen.xib in Resources */ = {isa = PBXBuildFile; fileRef = 98D892361B0697C4004FBF6A /* LaunchScreen.xib */; };
		98D892441B0697C4004FBF6A /* FBMessengerShareLocationTests.swift in Sources */ = {isa = PBXBuildFile; fileRef = 98D892431B0697C4004FBF6A /* FBMessengerShareLocationTests.swift */; };
		98D892681B06D14C004FBF6A /* LoginViewController.swift in Sources */ = {isa = PBXBuildFile; fileRef = 98D892671B06D14C004FBF6A /* LoginViewController.swift */; };
/* End PBXBuildFile section */

/* Begin PBXContainerItemProxy section */
		98D8923E1B0697C4004FBF6A /* PBXContainerItemProxy */ = {
			isa = PBXContainerItemProxy;
			containerPortal = 98D892201B0697C4004FBF6A /* Project object */;
			proxyType = 1;
			remoteGlobalIDString = 98D892271B0697C4004FBF6A;
			remoteInfo = FBMessengerShareLocation;
		};
/* End PBXContainerItemProxy section */

/* Begin PBXFileReference section */
		2CCBF23FF0B32788A98997C3 /* Pods-FBMessengerShareLocation.debug.xcconfig */ = {isa = PBXFileReference; includeInIndex = 1; lastKnownFileType = text.xcconfig; name = "Pods-FBMessengerShareLocation.debug.xcconfig"; path = "Pods/Target Support Files/Pods-FBMessengerShareLocation/Pods-FBMessengerShareLocation.debug.xcconfig"; sourceTree = "<group>"; };
		4544552169647B30D1CAC4C9 /* libPods-FBMessengerShareLocation.a */ = {isa = PBXFileReference; explicitFileType = archive.ar; includeInIndex = 0; path = "libPods-FBMessengerShareLocation.a"; sourceTree = BUILT_PRODUCTS_DIR; };
		9810642C1B08CA680043329B /* ChooseLocationViewController.swift */ = {isa = PBXFileReference; fileEncoding = 4; lastKnownFileType = sourcecode.swift; path = ChooseLocationViewController.swift; sourceTree = "<group>"; };
		9810642E1B08CFF20043329B /* MapKit.framework */ = {isa = PBXFileReference; lastKnownFileType = wrapper.framework; name = MapKit.framework; path = System/Library/Frameworks/MapKit.framework; sourceTree = SDKROOT; };
		987CE5661B0776A500DEE471 /* MessengerShareLocation-BridgingHeader.h */ = {isa = PBXFileReference; fileEncoding = 4; lastKnownFileType = sourcecode.c.h; path = "MessengerShareLocation-BridgingHeader.h"; sourceTree = "<group>"; };
		987CE5691B077DEB00DEE471 /* LandingViewController.swift */ = {isa = PBXFileReference; fileEncoding = 4; lastKnownFileType = sourcecode.swift; path = LandingViewController.swift; sourceTree = "<group>"; };
		987CE56E1B07AD5400DEE471 /* libPods-FBMessengerShareLocation-FBSDKCoreKit.a */ = {isa = PBXFileReference; lastKnownFileType = archive.ar; name = "libPods-FBMessengerShareLocation-FBSDKCoreKit.a"; path = "Pods/../build/Release-iphoneos/libPods-FBMessengerShareLocation-FBSDKCoreKit.a"; sourceTree = "<group>"; };
		987CE5701B07AD5A00DEE471 /* libPods-FBMessengerShareLocation-FBSDKLoginKit.a */ = {isa = PBXFileReference; lastKnownFileType = archive.ar; name = "libPods-FBMessengerShareLocation-FBSDKLoginKit.a"; path = "Pods/../build/Debug-iphoneos/libPods-FBMessengerShareLocation-FBSDKLoginKit.a"; sourceTree = "<group>"; };
		987CE5721B07C40100DEE471 /* CoreLocation.framework */ = {isa = PBXFileReference; lastKnownFileType = wrapper.framework; name = CoreLocation.framework; path = System/Library/Frameworks/CoreLocation.framework; sourceTree = SDKROOT; };
		98D892281B0697C4004FBF6A /* FBMessengerShareLocation.app */ = {isa = PBXFileReference; explicitFileType = wrapper.application; includeInIndex = 0; path = FBMessengerShareLocation.app; sourceTree = BUILT_PRODUCTS_DIR; };
		98D8922C1B0697C4004FBF6A /* Info.plist */ = {isa = PBXFileReference; lastKnownFileType = text.plist.xml; path = Info.plist; sourceTree = "<group>"; };
		98D8922D1B0697C4004FBF6A /* AppDelegate.swift */ = {isa = PBXFileReference; lastKnownFileType = sourcecode.swift; path = AppDelegate.swift; sourceTree = "<group>"; };
		98D892341B0697C4004FBF6A /* Images.xcassets */ = {isa = PBXFileReference; lastKnownFileType = folder.assetcatalog; path = Images.xcassets; sourceTree = "<group>"; };
		98D8923D1B0697C4004FBF6A /* FBMessengerShareLocationTests.xctest */ = {isa = PBXFileReference; explicitFileType = wrapper.cfbundle; includeInIndex = 0; path = FBMessengerShareLocationTests.xctest; sourceTree = BUILT_PRODUCTS_DIR; };
		98D892421B0697C4004FBF6A /* Info.plist */ = {isa = PBXFileReference; lastKnownFileType = text.plist.xml; path = Info.plist; sourceTree = "<group>"; };
		98D892431B0697C4004FBF6A /* FBMessengerShareLocationTests.swift */ = {isa = PBXFileReference; lastKnownFileType = sourcecode.swift; path = FBMessengerShareLocationTests.swift; sourceTree = "<group>"; };
		98D892671B06D14C004FBF6A /* LoginViewController.swift */ = {isa = PBXFileReference; fileEncoding = 4; lastKnownFileType = sourcecode.swift; path = LoginViewController.swift; sourceTree = "<group>"; };
		98D892691B06D272004FBF6A /* en */ = {isa = PBXFileReference; lastKnownFileType = file.storyboard; name = en; path = en.lproj/Main.storyboard; sourceTree = "<group>"; };
		98D8926A1B06D287004FBF6A /* en */ = {isa = PBXFileReference; lastKnownFileType = file.xib; name = en; path = en.lproj/LaunchScreen.xib; sourceTree = "<group>"; };
		F29BD49E1E1904F3ED54CCD7 /* Pods-FBMessengerShareLocation.release.xcconfig */ = {isa = PBXFileReference; includeInIndex = 1; lastKnownFileType = text.xcconfig; name = "Pods-FBMessengerShareLocation.release.xcconfig"; path = "Pods/Target Support Files/Pods-FBMessengerShareLocation/Pods-FBMessengerShareLocation.release.xcconfig"; sourceTree = "<group>"; };
/* End PBXFileReference section */

/* Begin PBXFrameworksBuildPhase section */
		98D892251B0697C4004FBF6A /* Frameworks */ = {
			isa = PBXFrameworksBuildPhase;
			buildActionMask = 2147483647;
			files = (
				9810642F1B08CFF20043329B /* MapKit.framework in Frameworks */,
				987CE5731B07C40100DEE471 /* CoreLocation.framework in Frameworks */,
				987CE5711B07AD5A00DEE471 /* libPods-FBMessengerShareLocation-FBSDKLoginKit.a in Frameworks */,
				987CE56F1B07AD5400DEE471 /* libPods-FBMessengerShareLocation-FBSDKCoreKit.a in Frameworks */,
				8906387C5F83DDCD8B2DE600 /* libPods-FBMessengerShareLocation.a in Frameworks */,
			);
			runOnlyForDeploymentPostprocessing = 0;
		};
		98D8923A1B0697C4004FBF6A /* Frameworks */ = {
			isa = PBXFrameworksBuildPhase;
			buildActionMask = 2147483647;
			files = (
			);
			runOnlyForDeploymentPostprocessing = 0;
		};
/* End PBXFrameworksBuildPhase section */

/* Begin PBXGroup section */
		9810642A1B0816F00043329B /* AppDelegate */ = {
			isa = PBXGroup;
			children = (
				98D8922D1B0697C4004FBF6A /* AppDelegate.swift */,
			);
			name = AppDelegate;
			sourceTree = "<group>";
		};
		9810642B1B0817010043329B /* Controllers */ = {
			isa = PBXGroup;
			children = (
				98D892671B06D14C004FBF6A /* LoginViewController.swift */,
				987CE5691B077DEB00DEE471 /* LandingViewController.swift */,
				9810642C1B08CA680043329B /* ChooseLocationViewController.swift */,
			);
			name = Controllers;
			sourceTree = "<group>";
		};
		98D8921F1B0697C4004FBF6A = {
			isa = PBXGroup;
			children = (
				98D8922A1B0697C4004FBF6A /* FBMessengerShareLocation */,
				98D892401B0697C4004FBF6A /* FBMessengerShareLocationTests */,
				98D892291B0697C4004FBF6A /* Products */,
				F07711B36C6E0E209AD463A0 /* Pods */,
				EF52ADEF3C9C06902BC750A8 /* Frameworks */,
			);
			sourceTree = "<group>";
		};
		98D892291B0697C4004FBF6A /* Products */ = {
			isa = PBXGroup;
			children = (
				98D892281B0697C4004FBF6A /* FBMessengerShareLocation.app */,
				98D8923D1B0697C4004FBF6A /* FBMessengerShareLocationTests.xctest */,
			);
			name = Products;
			sourceTree = "<group>";
		};
		98D8922A1B0697C4004FBF6A /* FBMessengerShareLocation */ = {
			isa = PBXGroup;
			children = (
				9810642A1B0816F00043329B /* AppDelegate */,
				9810642B1B0817010043329B /* Controllers */,
				98D892311B0697C4004FBF6A /* Main.storyboard */,
				98D892341B0697C4004FBF6A /* Images.xcassets */,
				98D892361B0697C4004FBF6A /* LaunchScreen.xib */,
				98D8922B1B0697C4004FBF6A /* Supporting Files */,
				987CE5661B0776A500DEE471 /* MessengerShareLocation-BridgingHeader.h */,
			);
			path = FBMessengerShareLocation;
			sourceTree = "<group>";
		};
		98D8922B1B0697C4004FBF6A /* Supporting Files */ = {
			isa = PBXGroup;
			children = (
				98D8922C1B0697C4004FBF6A /* Info.plist */,
			);
			name = "Supporting Files";
			sourceTree = "<group>";
		};
		98D892401B0697C4004FBF6A /* FBMessengerShareLocationTests */ = {
			isa = PBXGroup;
			children = (
				98D892431B0697C4004FBF6A /* FBMessengerShareLocationTests.swift */,
				98D892411B0697C4004FBF6A /* Supporting Files */,
			);
			path = FBMessengerShareLocationTests;
			sourceTree = "<group>";
		};
		98D892411B0697C4004FBF6A /* Supporting Files */ = {
			isa = PBXGroup;
			children = (
				98D892421B0697C4004FBF6A /* Info.plist */,
			);
			name = "Supporting Files";
			sourceTree = "<group>";
		};
		EF52ADEF3C9C06902BC750A8 /* Frameworks */ = {
			isa = PBXGroup;
			children = (
				9810642E1B08CFF20043329B /* MapKit.framework */,
				987CE5721B07C40100DEE471 /* CoreLocation.framework */,
				987CE5701B07AD5A00DEE471 /* libPods-FBMessengerShareLocation-FBSDKLoginKit.a */,
				987CE56E1B07AD5400DEE471 /* libPods-FBMessengerShareLocation-FBSDKCoreKit.a */,
				4544552169647B30D1CAC4C9 /* libPods-FBMessengerShareLocation.a */,
			);
			name = Frameworks;
			sourceTree = "<group>";
		};
		F07711B36C6E0E209AD463A0 /* Pods */ = {
			isa = PBXGroup;
			children = (
				2CCBF23FF0B32788A98997C3 /* Pods-FBMessengerShareLocation.debug.xcconfig */,
				F29BD49E1E1904F3ED54CCD7 /* Pods-FBMessengerShareLocation.release.xcconfig */,
			);
			name = Pods;
			sourceTree = "<group>";
		};
/* End PBXGroup section */

/* Begin PBXNativeTarget section */
		98D892271B0697C4004FBF6A /* FBMessengerShareLocation */ = {
			isa = PBXNativeTarget;
			buildConfigurationList = 98D892471B0697C4004FBF6A /* Build configuration list for PBXNativeTarget "FBMessengerShareLocation" */;
			buildPhases = (
				CE1689B878A9170C448FAC76 /* Check Pods Manifest.lock */,
				98D892241B0697C4004FBF6A /* Sources */,
				98D892251B0697C4004FBF6A /* Frameworks */,
				98D892261B0697C4004FBF6A /* Resources */,
				E2D2918C3205DC5218FD681C /* Copy Pods Resources */,
			);
			buildRules = (
			);
			dependencies = (
			);
			name = FBMessengerShareLocation;
			productName = FBMessengerShareLocation;
			productReference = 98D892281B0697C4004FBF6A /* FBMessengerShareLocation.app */;
			productType = "com.apple.product-type.application";
		};
		98D8923C1B0697C4004FBF6A /* FBMessengerShareLocationTests */ = {
			isa = PBXNativeTarget;
			buildConfigurationList = 98D8924A1B0697C4004FBF6A /* Build configuration list for PBXNativeTarget "FBMessengerShareLocationTests" */;
			buildPhases = (
				98D892391B0697C4004FBF6A /* Sources */,
				98D8923A1B0697C4004FBF6A /* Frameworks */,
				98D8923B1B0697C4004FBF6A /* Resources */,
			);
			buildRules = (
			);
			dependencies = (
				98D8923F1B0697C4004FBF6A /* PBXTargetDependency */,
			);
			name = FBMessengerShareLocationTests;
			productName = FBMessengerShareLocationTests;
			productReference = 98D8923D1B0697C4004FBF6A /* FBMessengerShareLocationTests.xctest */;
			productType = "com.apple.product-type.bundle.unit-test";
		};
/* End PBXNativeTarget section */

/* Begin PBXProject section */
		98D892201B0697C4004FBF6A /* Project object */ = {
			isa = PBXProject;
			attributes = {
				LastUpgradeCheck = 0630;
				ORGANIZATIONNAME = msdeveloper;
				TargetAttributes = {
					98D892271B0697C4004FBF6A = {
						CreatedOnToolsVersion = 6.3.1;
					};
					98D8923C1B0697C4004FBF6A = {
						CreatedOnToolsVersion = 6.3.1;
						TestTargetID = 98D892271B0697C4004FBF6A;
					};
				};
			};
			buildConfigurationList = 98D892231B0697C4004FBF6A /* Build configuration list for PBXProject "FBMessengerShareLocation" */;
			compatibilityVersion = "Xcode 3.2";
			developmentRegion = English;
			hasScannedForEncodings = 0;
			knownRegions = (
				en,
				Base,
			);
			mainGroup = 98D8921F1B0697C4004FBF6A;
			productRefGroup = 98D892291B0697C4004FBF6A /* Products */;
			projectDirPath = "";
			projectRoot = "";
			targets = (
				98D892271B0697C4004FBF6A /* FBMessengerShareLocation */,
				98D8923C1B0697C4004FBF6A /* FBMessengerShareLocationTests */,
			);
		};
/* End PBXProject section */

/* Begin PBXResourcesBuildPhase section */
		98D892261B0697C4004FBF6A /* Resources */ = {
			isa = PBXResourcesBuildPhase;
			buildActionMask = 2147483647;
			files = (
				98D892331B0697C4004FBF6A /* Main.storyboard in Resources */,
				98D892381B0697C4004FBF6A /* LaunchScreen.xib in Resources */,
				98D892351B0697C4004FBF6A /* Images.xcassets in Resources */,
			);
			runOnlyForDeploymentPostprocessing = 0;
		};
		98D8923B1B0697C4004FBF6A /* Resources */ = {
			isa = PBXResourcesBuildPhase;
			buildActionMask = 2147483647;
			files = (
			);
			runOnlyForDeploymentPostprocessing = 0;
		};
/* End PBXResourcesBuildPhase section */

/* Begin PBXShellScriptBuildPhase section */
		CE1689B878A9170C448FAC76 /* Check Pods Manifest.lock */ = {
			isa = PBXShellScriptBuildPhase;
			buildActionMask = 2147483647;
			files = (
			);
			inputPaths = (
			);
			name = "Check Pods Manifest.lock";
			outputPaths = (
			);
			runOnlyForDeploymentPostprocessing = 0;
			shellPath = /bin/sh;
			shellScript = "diff \"${PODS_ROOT}/../Podfile.lock\" \"${PODS_ROOT}/Manifest.lock\" > /dev/null\nif [[ $? != 0 ]] ; then\n    cat << EOM\nerror: The sandbox is not in sync with the Podfile.lock. Run 'pod install' or update your CocoaPods installation.\nEOM\n    exit 1\nfi\n";
			showEnvVarsInLog = 0;
		};
		E2D2918C3205DC5218FD681C /* Copy Pods Resources */ = {
			isa = PBXShellScriptBuildPhase;
			buildActionMask = 2147483647;
			files = (
			);
			inputPaths = (
			);
			name = "Copy Pods Resources";
			outputPaths = (
			);
			runOnlyForDeploymentPostprocessing = 0;
			shellPath = /bin/sh;
			shellScript = "\"${SRCROOT}/Pods/Target Support Files/Pods-FBMessengerShareLocation/Pods-FBMessengerShareLocation-resources.sh\"\n";
			showEnvVarsInLog = 0;
		};
/* End PBXShellScriptBuildPhase section */

/* Begin PBXSourcesBuildPhase section */
		98D892241B0697C4004FBF6A /* Sources */ = {
			isa = PBXSourcesBuildPhase;
			buildActionMask = 2147483647;
			files = (
				98D892681B06D14C004FBF6A /* LoginViewController.swift in Sources */,
				987CE56A1B077DEB00DEE471 /* LandingViewController.swift in Sources */,
				9810642D1B08CA690043329B /* ChooseLocationViewController.swift in Sources */,
				98D8922E1B0697C4004FBF6A /* AppDelegate.swift in Sources */,
			);
			runOnlyForDeploymentPostprocessing = 0;
		};
		98D892391B0697C4004FBF6A /* Sources */ = {
			isa = PBXSourcesBuildPhase;
			buildActionMask = 2147483647;
			files = (
				98D892441B0697C4004FBF6A /* FBMessengerShareLocationTests.swift in Sources */,
			);
			runOnlyForDeploymentPostprocessing = 0;
		};
/* End PBXSourcesBuildPhase section */

/* Begin PBXTargetDependency section */
		98D8923F1B0697C4004FBF6A /* PBXTargetDependency */ = {
			isa = PBXTargetDependency;
			target = 98D892271B0697C4004FBF6A /* FBMessengerShareLocation */;
			targetProxy = 98D8923E1B0697C4004FBF6A /* PBXContainerItemProxy */;
		};
/* End PBXTargetDependency section */

/* Begin PBXVariantGroup section */
		98D892311B0697C4004FBF6A /* Main.storyboard */ = {
			isa = PBXVariantGroup;
			children = (
				98D892691B06D272004FBF6A /* en */,
			);
			name = Main.storyboard;
			sourceTree = "<group>";
		};
		98D892361B0697C4004FBF6A /* LaunchScreen.xib */ = {
			isa = PBXVariantGroup;
			children = (
				98D8926A1B06D287004FBF6A /* en */,
			);
			name = LaunchScreen.xib;
			sourceTree = "<group>";
		};
/* End PBXVariantGroup section */

/* Begin XCBuildConfiguration section */
		98D892451B0697C4004FBF6A /* Debug */ = {
			isa = XCBuildConfiguration;
			buildSettings = {
				ALWAYS_SEARCH_USER_PATHS = NO;
				CLANG_CXX_LANGUAGE_STANDARD = "gnu++0x";
				CLANG_CXX_LIBRARY = "libc++";
				CLANG_ENABLE_MODULES = YES;
				CLANG_ENABLE_OBJC_ARC = YES;
				CLANG_WARN_BOOL_CONVERSION = YES;
				CLANG_WARN_CONSTANT_CONVERSION = YES;
				CLANG_WARN_DIRECT_OBJC_ISA_USAGE = YES_ERROR;
				CLANG_WARN_EMPTY_BODY = YES;
				CLANG_WARN_ENUM_CONVERSION = YES;
				CLANG_WARN_INT_CONVERSION = YES;
				CLANG_WARN_OBJC_ROOT_CLASS = YES_ERROR;
				CLANG_WARN_UNREACHABLE_CODE = YES;
				CLANG_WARN__DUPLICATE_METHOD_MATCH = YES;
				"CODE_SIGN_IDENTITY[sdk=iphoneos*]" = "iPhone Developer";
				COPY_PHASE_STRIP = NO;
				DEBUG_INFORMATION_FORMAT = "dwarf-with-dsym";
				ENABLE_STRICT_OBJC_MSGSEND = YES;
				GCC_C_LANGUAGE_STANDARD = gnu99;
				GCC_DYNAMIC_NO_PIC = NO;
				GCC_NO_COMMON_BLOCKS = YES;
				GCC_OPTIMIZATION_LEVEL = 0;
				GCC_PREPROCESSOR_DEFINITIONS = (
					"DEBUG=1",
					"$(inherited)",
				);
				GCC_SYMBOLS_PRIVATE_EXTERN = NO;
				GCC_WARN_64_TO_32_BIT_CONVERSION = YES;
				GCC_WARN_ABOUT_RETURN_TYPE = YES_ERROR;
				GCC_WARN_UNDECLARED_SELECTOR = YES;
				GCC_WARN_UNINITIALIZED_AUTOS = YES_AGGRESSIVE;
				GCC_WARN_UNUSED_FUNCTION = YES;
				GCC_WARN_UNUSED_VARIABLE = YES;
				IPHONEOS_DEPLOYMENT_TARGET = 8.3;
				MTL_ENABLE_DEBUG_INFO = YES;
				ONLY_ACTIVE_ARCH = YES;
				SDKROOT = iphoneos;
				SWIFT_OPTIMIZATION_LEVEL = "-Onone";
				TARGETED_DEVICE_FAMILY = "1,2";
			};
			name = Debug;
		};
		98D892461B0697C4004FBF6A /* Release */ = {
			isa = XCBuildConfiguration;
			buildSettings = {
				ALWAYS_SEARCH_USER_PATHS = NO;
				CLANG_CXX_LANGUAGE_STANDARD = "gnu++0x";
				CLANG_CXX_LIBRARY = "libc++";
				CLANG_ENABLE_MODULES = YES;
				CLANG_ENABLE_OBJC_ARC = YES;
				CLANG_WARN_BOOL_CONVERSION = YES;
				CLANG_WARN_CONSTANT_CONVERSION = YES;
				CLANG_WARN_DIRECT_OBJC_ISA_USAGE = YES_ERROR;
				CLANG_WARN_EMPTY_BODY = YES;
				CLANG_WARN_ENUM_CONVERSION = YES;
				CLANG_WARN_INT_CONVERSION = YES;
				CLANG_WARN_OBJC_ROOT_CLASS = YES_ERROR;
				CLANG_WARN_UNREACHABLE_CODE = YES;
				CLANG_WARN__DUPLICATE_METHOD_MATCH = YES;
				"CODE_SIGN_IDENTITY[sdk=iphoneos*]" = "iPhone Developer";
				COPY_PHASE_STRIP = NO;
				DEBUG_INFORMATION_FORMAT = "dwarf-with-dsym";
				ENABLE_NS_ASSERTIONS = NO;
				ENABLE_STRICT_OBJC_MSGSEND = YES;
				GCC_C_LANGUAGE_STANDARD = gnu99;
				GCC_NO_COMMON_BLOCKS = YES;
				GCC_WARN_64_TO_32_BIT_CONVERSION = YES;
				GCC_WARN_ABOUT_RETURN_TYPE = YES_ERROR;
				GCC_WARN_UNDECLARED_SELECTOR = YES;
				GCC_WARN_UNINITIALIZED_AUTOS = YES_AGGRESSIVE;
				GCC_WARN_UNUSED_FUNCTION = YES;
				GCC_WARN_UNUSED_VARIABLE = YES;
				IPHONEOS_DEPLOYMENT_TARGET = 8.3;
				MTL_ENABLE_DEBUG_INFO = NO;
				SDKROOT = iphoneos;
				TARGETED_DEVICE_FAMILY = "1,2";
				VALIDATE_PRODUCT = YES;
			};
			name = Release;
		};
		98D892481B0697C4004FBF6A /* Debug */ = {
			isa = XCBuildConfiguration;
			baseConfigurationReference = 2CCBF23FF0B32788A98997C3 /* Pods-FBMessengerShareLocation.debug.xcconfig */;
			buildSettings = {
				ASSETCATALOG_COMPILER_APPICON_NAME = AppIcon;
				DEFINES_MODULE = YES;
				INFOPLIST_FILE = FBMessengerShareLocation/Info.plist;
				IPHONEOS_DEPLOYMENT_TARGET = 8.0;
				LD_RUNPATH_SEARCH_PATHS = "$(inherited) @executable_path/Frameworks";
				LIBRARY_SEARCH_PATHS = (
					"$(inherited)",
					"$(PROJECT_DIR)/build/Release-iphoneos",
					"$(PROJECT_DIR)/build/Debug-iphoneos",
				);
				PRODUCT_NAME = "$(TARGET_NAME)";
				SWIFT_OBJC_BRIDGING_HEADER = "FBMessengerShareLocation/MessengerShareLocation-BridgingHeader.h";
			};
			name = Debug;
		};
		98D892491B0697C4004FBF6A /* Release */ = {
			isa = XCBuildConfiguration;
			baseConfigurationReference = F29BD49E1E1904F3ED54CCD7 /* Pods-FBMessengerShareLocation.release.xcconfig */;
			buildSettings = {
				ASSETCATALOG_COMPILER_APPICON_NAME = AppIcon;
				DEFINES_MODULE = YES;
				INFOPLIST_FILE = FBMessengerShareLocation/Info.plist;
				IPHONEOS_DEPLOYMENT_TARGET = 8.0;
				LD_RUNPATH_SEARCH_PATHS = "$(inherited) @executable_path/Frameworks";
				LIBRARY_SEARCH_PATHS = (
					"$(inherited)",
					"$(PROJECT_DIR)/build/Release-iphoneos",
					"$(PROJECT_DIR)/build/Debug-iphoneos",
				);
				PRODUCT_NAME = "$(TARGET_NAME)";
				SWIFT_OBJC_BRIDGING_HEADER = "FBMessengerShareLocation/MessengerShareLocation-BridgingHeader.h";
			};
			name = Release;
		};
		98D8924B1B0697C4004FBF6A /* Debug */ = {
			isa = XCBuildConfiguration;
			buildSettings = {
				BUNDLE_LOADER = "$(TEST_HOST)";
				FRAMEWORK_SEARCH_PATHS = (
					"$(SDKROOT)/Developer/Library/Frameworks",
					"$(inherited)",
				);
				GCC_PREPROCESSOR_DEFINITIONS = (
					"DEBUG=1",
					"$(inherited)",
				);
				INFOPLIST_FILE = FBMessengerShareLocationTests/Info.plist;
				LD_RUNPATH_SEARCH_PATHS = "$(inherited) @executable_path/Frameworks @loader_path/Frameworks";
				PRODUCT_NAME = "$(TARGET_NAME)";
				TEST_HOST = "$(BUILT_PRODUCTS_DIR)/FBMessengerShareLocation.app/FBMessengerShareLocation";
			};
			name = Debug;
		};
		98D8924C1B0697C4004FBF6A /* Release */ = {
			isa = XCBuildConfiguration;
			buildSettings = {
				BUNDLE_LOADER = "$(TEST_HOST)";
				FRAMEWORK_SEARCH_PATHS = (
					"$(SDKROOT)/Developer/Library/Frameworks",
					"$(inherited)",
				);
				INFOPLIST_FILE = FBMessengerShareLocationTests/Info.plist;
				LD_RUNPATH_SEARCH_PATHS = "$(inherited) @executable_path/Frameworks @loader_path/Frameworks";
				PRODUCT_NAME = "$(TARGET_NAME)";
				TEST_HOST = "$(BUILT_PRODUCTS_DIR)/FBMessengerShareLocation.app/FBMessengerShareLocation";
			};
			name = Release;
		};
/* End XCBuildConfiguration section */

/* Begin XCConfigurationList section */
		98D892231B0697C4004FBF6A /* Build configuration list for PBXProject "FBMessengerShareLocation" */ = {
			isa = XCConfigurationList;
			buildConfigurations = (
				98D892451B0697C4004FBF6A /* Debug */,
				98D892461B0697C4004FBF6A /* Release */,
			);
			defaultConfigurationIsVisible = 0;
			defaultConfigurationName = Release;
		};
		98D892471B0697C4004FBF6A /* Build configuration list for PBXNativeTarget "FBMessengerShareLocation" */ = {
			isa = XCConfigurationList;
			buildConfigurations = (
				98D892481B0697C4004FBF6A /* Debug */,
				98D892491B0697C4004FBF6A /* Release */,
			);
			defaultConfigurationIsVisible = 0;
			defaultConfigurationName = Release;
		};
		98D8924A1B0697C4004FBF6A /* Build configuration list for PBXNativeTarget "FBMessengerShareLocationTests" */ = {
			isa = XCConfigurationList;
			buildConfigurations = (
				98D8924B1B0697C4004FBF6A /* Debug */,
				98D8924C1B0697C4004FBF6A /* Release */,
			);
			defaultConfigurationIsVisible = 0;
			defaultConfigurationName = Release;
		};
/* End XCConfigurationList section */
	};
	rootObject = 98D892201B0697C4004FBF6A /* Project object */;
}
